
Microsoft Visual Studio Solution File, Format Version 12.00
# Visual Studio Version 17
VisualStudioVersion = 17.9.34622.214
MinimumVisualStudioVersion = 10.0.40219.1
Project("{8BC9CEB8-8B4A-11D0-8D11-00A0C91BC942}") = "Program", "Program.vcxproj", "{CB3D9312-0859-45CF-9043-7D65139BEBBD}"
EndProject
Project("{8BC9CEB8-8B4A-11D0-8D11-00A0C91BC942}") = "Class1th (Printf)", "..\Class1th (Printf)\Class1th (Printf).vcxproj", "{5352C9DD-D076-4454-B6D8-8847024AA8AF}"
EndProject
Project("{8BC9CEB8-8B4A-11D0-8D11-00A0C91BC942}") = "Class2th (Variable & Constant)", "..\Class2th (Variable & Constant)\Class2th (Variable & Constant).vcxproj", "{6B65E0C2-0BB1-4765-8602-48F9A8FB8497}"
EndProject
Project("{8BC9CEB8-8B4A-11D0-8D11-00A0C91BC942}") = "Class3th (Bit)", "..\Class3th (Bit)\Class3th (Bit).vcxproj", "{88465F30-FDDE-43A1-9A7C-9F7C3B21DAD4}"
EndProject
Project("{8BC9CEB8-8B4A-11D0-8D11-00A0C91BC942}") = "Class4th (Overflow & Underflow)", "..\Class4th (Overflow & Underflow)\Class4th (Overflow & Underflow).vcxproj", "{C41D823F-6454-48EF-B239-3BD3C0493946}"
EndProject
Project("{8BC9CEB8-8B4A-11D0-8D11-00A0C91BC942}") = "Class5th (Conditional Statement)", "..\Class5th (Conditional Statement)\Class5th (Conditional Statement).vcxproj", "{2EB01891-3DA6-490A-A4BF-28A34514C76F}"
EndProject
Project("{8BC9CEB8-8B4A-11D0-8D11-00A0C91BC942}") = "Class6th (Iteration Statement)", "..\Class6th (Iteration Statement)\Class6th (Iteration Statement).vcxproj", "{A1B1D2C3-524A-435F-893B-42F7420D6563}"
EndProject
Project("{8BC9CEB8-8B4A-11D0-8D11-00A0C91BC942}") = "Class7th (Type Conversion)", "..\Class7th (Type Conversion)\Class7th (Type Conversion).vcxproj", "{E333DD89-83EA-4853-BDF4-DB93C5A17367}"
EndProject
Project("{8BC9CEB8-8B4A-11D0-8D11-00A0C91BC942}") = "Class8th (Pointer)", "..\Class8th (Pointer)\Class8th (Pointer).vcxproj", "{017695B9-0E32-482D-A590-1EB9E6DFADFC}"
EndProject
Project("{8BC9CEB8-8B4A-11D0-8D11-00A0C91BC942}") = "Class9th (Array)", "..\Class9th (Array)\Class9th (Array).vcxproj", "{9DDD0D2C-801B-4726-BEE0-AE7F9A996A05}"
EndProject
Project("{8BC9CEB8-8B4A-11D0-8D11-00A0C91BC942}") = "Class10th (String)", "..\Class10th (String)\Class10th (String).vcxproj", "{726699AA-655D-4460-8C50-31B9112136E6}"
EndProject
Project("{8BC9CEB8-8B4A-11D0-8D11-00A0C91BC942}") = "Class11th (Function)", "..\Class11th (Function)\Class11th (Function).vcxproj", "{58933E46-A202-4875-9473-132B151600D2}"
EndProject
Project("{8BC9CEB8-8B4A-11D0-8D11-00A0C91BC942}") = "Class12th (Ascii Code)", "..\Class12th (Ascii Code)\Class12th (Ascii Code).vcxproj", "{1D6DC5E0-0DBB-445F-810B-AB848857F539}"
EndProject
Project("{8BC9CEB8-8B4A-11D0-8D11-00A0C91BC942}") = "Class13th (Dynamic Allocation)", "..\Class13th (Dynamic Allocation)\Class13th (Dynamic Allocation).vcxproj", "{7FDAC1D2-3945-43AA-8E73-82CBC07E2CAA}"
EndProject
Project("{8BC9CEB8-8B4A-11D0-8D11-00A0C91BC942}") = "Class14th (Struct)", "..\Class14th (Struct)\Class14th (Struct).vcxproj", "{00EA89FF-BFC3-4D61-8E37-6AF08D3061BC}"
EndProject
Global
	GlobalSection(SolutionConfigurationPlatforms) = preSolution
		Debug|x64 = Debug|x64
		Debug|x86 = Debug|x86
		Release|x64 = Release|x64
		Release|x86 = Release|x86
	EndGlobalSection
	GlobalSection(ProjectConfigurationPlatforms) = postSolution
		{CB3D9312-0859-45CF-9043-7D65139BEBBD}.Debug|x64.ActiveCfg = Debug|x64
		{CB3D9312-0859-45CF-9043-7D65139BEBBD}.Debug|x64.Build.0 = Debug|x64
		{CB3D9312-0859-45CF-9043-7D65139BEBBD}.Debug|x86.ActiveCfg = Debug|Win32
		{CB3D9312-0859-45CF-9043-7D65139BEBBD}.Debug|x86.Build.0 = Debug|Win32
		{CB3D9312-0859-45CF-9043-7D65139BEBBD}.Release|x64.ActiveCfg = Release|x64
		{CB3D9312-0859-45CF-9043-7D65139BEBBD}.Release|x64.Build.0 = Release|x64
		{CB3D9312-0859-45CF-9043-7D65139BEBBD}.Release|x86.ActiveCfg = Release|Win32
		{CB3D9312-0859-45CF-9043-7D65139BEBBD}.Release|x86.Build.0 = Release|Win32
		{5352C9DD-D076-4454-B6D8-8847024AA8AF}.Debug|x64.ActiveCfg = Debug|x64
		{5352C9DD-D076-4454-B6D8-8847024AA8AF}.Debug|x64.Build.0 = Debug|x64
		{5352C9DD-D076-4454-B6D8-8847024AA8AF}.Debug|x86.ActiveCfg = Debug|Win32
		{5352C9DD-D076-4454-B6D8-8847024AA8AF}.Debug|x86.Build.0 = Debug|Win32
		{5352C9DD-D076-4454-B6D8-8847024AA8AF}.Release|x64.ActiveCfg = Release|x64
		{5352C9DD-D076-4454-B6D8-8847024AA8AF}.Release|x64.Build.0 = Release|x64
		{5352C9DD-D076-4454-B6D8-8847024AA8AF}.Release|x86.ActiveCfg = Release|Win32
		{5352C9DD-D076-4454-B6D8-8847024AA8AF}.Release|x86.Build.0 = Release|Win32
		{6B65E0C2-0BB1-4765-8602-48F9A8FB8497}.Debug|x64.ActiveCfg = Debug|x64
		{6B65E0C2-0BB1-4765-8602-48F9A8FB8497}.Debug|x64.Build.0 = Debug|x64
		{6B65E0C2-0BB1-4765-8602-48F9A8FB8497}.Debug|x86.ActiveCfg = Debug|Win32
		{6B65E0C2-0BB1-4765-8602-48F9A8FB8497}.Debug|x86.Build.0 = Debug|Win32
		{6B65E0C2-0BB1-4765-8602-48F9A8FB8497}.Release|x64.ActiveCfg = Release|x64
		{6B65E0C2-0BB1-4765-8602-48F9A8FB8497}.Release|x64.Build.0 = Release|x64
		{6B65E0C2-0BB1-4765-8602-48F9A8FB8497}.Release|x86.ActiveCfg = Release|Win32
		{6B65E0C2-0BB1-4765-8602-48F9A8FB8497}.Release|x86.Build.0 = Release|Win32
		{88465F30-FDDE-43A1-9A7C-9F7C3B21DAD4}.Debug|x64.ActiveCfg = Debug|x64
		{88465F30-FDDE-43A1-9A7C-9F7C3B21DAD4}.Debug|x64.Build.0 = Debug|x64
		{88465F30-FDDE-43A1-9A7C-9F7C3B21DAD4}.Debug|x86.ActiveCfg = Debug|Win32
		{88465F30-FDDE-43A1-9A7C-9F7C3B21DAD4}.Debug|x86.Build.0 = Debug|Win32
		{88465F30-FDDE-43A1-9A7C-9F7C3B21DAD4}.Release|x64.ActiveCfg = Release|x64
		{88465F30-FDDE-43A1-9A7C-9F7C3B21DAD4}.Release|x64.Build.0 = Release|x64
		{88465F30-FDDE-43A1-9A7C-9F7C3B21DAD4}.Release|x86.ActiveCfg = Release|Win32
		{88465F30-FDDE-43A1-9A7C-9F7C3B21DAD4}.Release|x86.Build.0 = Release|Win32
		{C41D823F-6454-48EF-B239-3BD3C0493946}.Debug|x64.ActiveCfg = Debug|x64
		{C41D823F-6454-48EF-B239-3BD3C0493946}.Debug|x64.Build.0 = Debug|x64
		{C41D823F-6454-48EF-B239-3BD3C0493946}.Debug|x86.ActiveCfg = Debug|Win32
		{C41D823F-6454-48EF-B239-3BD3C0493946}.Debug|x86.Build.0 = Debug|Win32
		{C41D823F-6454-48EF-B239-3BD3C0493946}.Release|x64.ActiveCfg = Release|x64
		{C41D823F-6454-48EF-B239-3BD3C0493946}.Release|x64.Build.0 = Release|x64
		{C41D823F-6454-48EF-B239-3BD3C0493946}.Release|x86.ActiveCfg = Release|Win32
		{C41D823F-6454-48EF-B239-3BD3C0493946}.Release|x86.Build.0 = Release|Win32
		{2EB01891-3DA6-490A-A4BF-28A34514C76F}.Debug|x64.ActiveCfg = Debug|x64
		{2EB01891-3DA6-490A-A4BF-28A34514C76F}.Debug|x64.Build.0 = Debug|x64
		{2EB01891-3DA6-490A-A4BF-28A34514C76F}.Debug|x86.ActiveCfg = Debug|Win32
		{2EB01891-3DA6-490A-A4BF-28A34514C76F}.Debug|x86.Build.0 = Debug|Win32
		{2EB01891-3DA6-490A-A4BF-28A34514C76F}.Release|x64.ActiveCfg = Release|x64
		{2EB01891-3DA6-490A-A4BF-28A34514C76F}.Release|x64.Build.0 = Release|x64
		{2EB01891-3DA6-490A-A4BF-28A34514C76F}.Release|x86.ActiveCfg = Release|Win32
		{2EB01891-3DA6-490A-A4BF-28A34514C76F}.Release|x86.Build.0 = Release|Win32
		{A1B1D2C3-524A-435F-893B-42F7420D6563}.Debug|x64.ActiveCfg = Debug|x64
		{A1B1D2C3-524A-435F-893B-42F7420D6563}.Debug|x64.Build.0 = Debug|x64
		{A1B1D2C3-524A-435F-893B-42F7420D6563}.Debug|x86.ActiveCfg = Debug|Win32
		{A1B1D2C3-524A-435F-893B-42F7420D6563}.Debug|x86.Build.0 = Debug|Win32
		{A1B1D2C3-524A-435F-893B-42F7420D6563}.Release|x64.ActiveCfg = Release|x64
		{A1B1D2C3-524A-435F-893B-42F7420D6563}.Release|x64.Build.0 = Release|x64
		{A1B1D2C3-524A-435F-893B-42F7420D6563}.Release|x86.ActiveCfg = Release|Win32
		{A1B1D2C3-524A-435F-893B-42F7420D6563}.Release|x86.Build.0 = Release|Win32
		{E333DD89-83EA-4853-BDF4-DB93C5A17367}.Debug|x64.ActiveCfg = Debug|x64
		{E333DD89-83EA-4853-BDF4-DB93C5A17367}.Debug|x64.Build.0 = Debug|x64
		{E333DD89-83EA-4853-BDF4-DB93C5A17367}.Debug|x86.ActiveCfg = Debug|Win32
		{E333DD89-83EA-4853-BDF4-DB93C5A17367}.Debug|x86.Build.0 = Debug|Win32
		{E333DD89-83EA-4853-BDF4-DB93C5A17367}.Release|x64.ActiveCfg = Release|x64
		{E333DD89-83EA-4853-BDF4-DB93C5A17367}.Release|x64.Build.0 = Release|x64
		{E333DD89-83EA-4853-BDF4-DB93C5A17367}.Release|x86.ActiveCfg = Release|Win32
		{E333DD89-83EA-4853-BDF4-DB93C5A17367}.Release|x86.Build.0 = Release|Win32
		{017695B9-0E32-482D-A590-1EB9E6DFADFC}.Debug|x64.ActiveCfg = Debug|x64
		{017695B9-0E32-482D-A590-1EB9E6DFADFC}.Debug|x64.Build.0 = Debug|x64
		{017695B9-0E32-482D-A590-1EB9E6DFADFC}.Debug|x86.ActiveCfg = Debug|Win32
		{017695B9-0E32-482D-A590-1EB9E6DFADFC}.Debug|x86.Build.0 = Debug|Win32
		{017695B9-0E32-482D-A590-1EB9E6DFADFC}.Release|x64.ActiveCfg = Release|x64
		{017695B9-0E32-482D-A590-1EB9E6DFADFC}.Release|x64.Build.0 = Release|x64
		{017695B9-0E32-482D-A590-1EB9E6DFADFC}.Release|x86.ActiveCfg = Release|Win32
		{017695B9-0E32-482D-A590-1EB9E6DFADFC}.Release|x86.Build.0 = Release|Win32
		{9DDD0D2C-801B-4726-BEE0-AE7F9A996A05}.Debug|x64.ActiveCfg = Debug|x64
		{9DDD0D2C-801B-4726-BEE0-AE7F9A996A05}.Debug|x64.Build.0 = Debug|x64
		{9DDD0D2C-801B-4726-BEE0-AE7F9A996A05}.Debug|x86.ActiveCfg = Debug|Win32
		{9DDD0D2C-801B-4726-BEE0-AE7F9A996A05}.Debug|x86.Build.0 = Debug|Win32
		{9DDD0D2C-801B-4726-BEE0-AE7F9A996A05}.Release|x64.ActiveCfg = Release|x64
		{9DDD0D2C-801B-4726-BEE0-AE7F9A996A05}.Release|x64.Build.0 = Release|x64
		{9DDD0D2C-801B-4726-BEE0-AE7F9A996A05}.Release|x86.ActiveCfg = Release|Win32
		{9DDD0D2C-801B-4726-BEE0-AE7F9A996A05}.Release|x86.Build.0 = Release|Win32
		{726699AA-655D-4460-8C50-31B9112136E6}.Debug|x64.ActiveCfg = Debug|x64
		{726699AA-655D-4460-8C50-31B9112136E6}.Debug|x64.Build.0 = Debug|x64
		{726699AA-655D-4460-8C50-31B9112136E6}.Debug|x86.ActiveCfg = Debug|Win32
		{726699AA-655D-4460-8C50-31B9112136E6}.Debug|x86.Build.0 = Debug|Win32
		{726699AA-655D-4460-8C50-31B9112136E6}.Release|x64.ActiveCfg = Release|x64
		{726699AA-655D-4460-8C50-31B9112136E6}.Release|x64.Build.0 = Release|x64
		{726699AA-655D-4460-8C50-31B9112136E6}.Release|x86.ActiveCfg = Release|Win32
		{726699AA-655D-4460-8C50-31B9112136E6}.Release|x86.Build.0 = Release|Win32
		{58933E46-A202-4875-9473-132B151600D2}.Debug|x64.ActiveCfg = Debug|x64
		{58933E46-A202-4875-9473-132B151600D2}.Debug|x64.Build.0 = Debug|x64
		{58933E46-A202-4875-9473-132B151600D2}.Debug|x86.ActiveCfg = Debug|Win32
		{58933E46-A202-4875-9473-132B151600D2}.Debug|x86.Build.0 = Debug|Win32
		{58933E46-A202-4875-9473-132B151600D2}.Release|x64.ActiveCfg = Release|x64
		{58933E46-A202-4875-9473-132B151600D2}.Release|x64.Build.0 = Release|x64
		{58933E46-A202-4875-9473-132B151600D2}.Release|x86.ActiveCfg = Release|Win32
		{58933E46-A202-4875-9473-132B151600D2}.Release|x86.Build.0 = Release|Win32
		{1D6DC5E0-0DBB-445F-810B-AB848857F539}.Debug|x64.ActiveCfg = Debug|x64
		{1D6DC5E0-0DBB-445F-810B-AB848857F539}.Debug|x64.Build.0 = Debug|x64
		{1D6DC5E0-0DBB-445F-810B-AB848857F539}.Debug|x86.ActiveCfg = Debug|Win32
		{1D6DC5E0-0DBB-445F-810B-AB848857F539}.Debug|x86.Build.0 = Debug|Win32
		{1D6DC5E0-0DBB-445F-810B-AB848857F539}.Release|x64.ActiveCfg = Release|x64
		{1D6DC5E0-0DBB-445F-810B-AB848857F539}.Release|x64.Build.0 = Release|x64
		{1D6DC5E0-0DBB-445F-810B-AB848857F539}.Release|x86.ActiveCfg = Release|Win32
		{1D6DC5E0-0DBB-445F-810B-AB848857F539}.Release|x86.Build.0 = Release|Win32
		{7FDAC1D2-3945-43AA-8E73-82CBC07E2CAA}.Debug|x64.ActiveCfg = Debug|x64
		{7FDAC1D2-3945-43AA-8E73-82CBC07E2CAA}.Debug|x64.Build.0 = Debug|x64
		{7FDAC1D2-3945-43AA-8E73-82CBC07E2CAA}.Debug|x86.ActiveCfg = Debug|Win32
		{7FDAC1D2-3945-43AA-8E73-82CBC07E2CAA}.Debug|x86.Build.0 = Debug|Win32
		{7FDAC1D2-3945-43AA-8E73-82CBC07E2CAA}.Release|x64.ActiveCfg = Release|x64
		{7FDAC1D2-3945-43AA-8E73-82CBC07E2CAA}.Release|x64.Build.0 = Release|x64
		{7FDAC1D2-3945-43AA-8E73-82CBC07E2CAA}.Release|x86.ActiveCfg = Release|Win32
		{7FDAC1D2-3945-43AA-8E73-82CBC07E2CAA}.Release|x86.Build.0 = Release|Win32
		{00EA89FF-BFC3-4D61-8E37-6AF08D3061BC}.Debug|x64.ActiveCfg = Debug|x64
		{00EA89FF-BFC3-4D61-8E37-6AF08D3061BC}.Debug|x64.Build.0 = Debug|x64
		{00EA89FF-BFC3-4D61-8E37-6AF08D3061BC}.Debug|x86.ActiveCfg = Debug|Win32
		{00EA89FF-BFC3-4D61-8E37-6AF08D3061BC}.Debug|x86.Build.0 = Debug|Win32
		{00EA89FF-BFC3-4D61-8E37-6AF08D3061BC}.Release|x64.ActiveCfg = Release|x64
		{00EA89FF-BFC3-4D61-8E37-6AF08D3061BC}.Release|x64.Build.0 = Release|x64
		{00EA89FF-BFC3-4D61-8E37-6AF08D3061BC}.Release|x86.ActiveCfg = Release|Win32
		{00EA89FF-BFC3-4D61-8E37-6AF08D3061BC}.Release|x86.Build.0 = Release|Win32
	EndGlobalSection
	GlobalSection(SolutionProperties) = preSolution
		HideSolutionNode = FALSE
	EndGlobalSection
	GlobalSection(ExtensibilityGlobals) = postSolution
		SolutionGuid = {973DC726-30CB-4738-ADC2-4AD27920BFE0}
	EndGlobalSection
EndGlobal
